<?xml version="1.0" encoding="utf-8"?>
<Project ToolsVersion="4.0" xmlns="http://schemas.microsoft.com/developer/msbuild/2003">
  <ItemGroup>
    <Filter Include="소스 파일">
      <UniqueIdentifier>{4FC737F1-C7A5-4376-A066-2A32D752A2FF}</UniqueIdentifier>
      <Extensions>cpp;c;cc;cxx;c++;def;odl;idl;hpj;bat;asm;asmx</Extensions>
    </Filter>
    <Filter Include="헤더 파일">
      <UniqueIdentifier>{93995380-89BD-4b04-88EB-625FBE52EBFB}</UniqueIdentifier>
      <Extensions>h;hh;hpp;hxx;h++;hm;inl;inc;ipp;xsd</Extensions>
    </Filter>
    <Filter Include="리소스 파일">
      <UniqueIdentifier>{67DA6AB6-F800-4c08-8B7A-83BB121AAD01}</UniqueIdentifier>
      <Extensions>rc;ico;cur;bmp;dlg;rc2;rct;bin;rgs;gif;jpg;jpeg;jpe;resx;tiff;tif;png;wav;mfcribbon-ms</Extensions>
    </Filter>
  </ItemGroup>
  <ItemGroup>
    <ClCompile Include="AddProduct.cpp">
      <Filter>소스 파일</Filter>
    </ClCompile>
    <ClCompile Include="AddProductUI.cpp">
      <Filter>소스 파일</Filter>
    </ClCompile>
    <ClCompile Include="Buy.cpp">
      <Filter>소스 파일</Filter>
    </ClCompile>
    <ClCompile Include="BuyUI.cpp">
      <Filter>소스 파일</Filter>
    </ClCompile>
    <ClCompile Include="Evaluate.cpp">
      <Filter>소스 파일</Filter>
    </ClCompile>
    <ClCompile Include="EvaluateUI.cpp">
      <Filter>소스 파일</Filter>
    </ClCompile>
    <ClCompile Include="JoinWithdrawl.cpp">
      <Filter>소스 파일</Filter>
    </ClCompile>
    <ClCompile Include="JoinWithdrawlUI.cpp">
      <Filter>소스 파일</Filter>
    </ClCompile>
    <ClCompile Include="Login.cpp">
      <Filter>소스 파일</Filter>
    </ClCompile>
    <ClCompile Include="LoginUI.cpp">
      <Filter>소스 파일</Filter>
    </ClCompile>
    <ClCompile Include="Logout.cpp">
      <Filter>소스 파일</Filter>
    </ClCompile>
    <ClCompile Include="LogoutUI.cpp">
      <Filter>소스 파일</Filter>
    </ClCompile>
    <ClCompile Include="main.cpp">
      <Filter>소스 파일</Filter>
    </ClCompile>
    <ClCompile Include="Member.cpp">
      <Filter>소스 파일</Filter>
    </ClCompile>
    <ClCompile Include="MemberStorage.cpp">
      <Filter>소스 파일</Filter>
    </ClCompile>
    <ClCompile Include="Product.cpp">
      <Filter>소스 파일</Filter>
    </ClCompile>
    <ClCompile Include="ProductList.cpp">
      <Filter>소스 파일</Filter>
    </ClCompile>
    <ClCompile Include="ProductManager.cpp">
      <Filter>소스 파일</Filter>
    </ClCompile>
    <ClCompile Include="ProductShow.cpp">
      <Filter>소스 파일</Filter>
    </ClCompile>
    <ClCompile Include="ProductShowUI.cpp">
      <Filter>소스 파일</Filter>
    </ClCompile>
    <ClCompile Include="PurchaseList.cpp">
      <Filter>소스 파일</Filter>
    </ClCompile>
    <ClCompile Include="ShowSalesList.cpp">
      <Filter>소스 파일</Filter>
    </ClCompile>
    <ClCompile Include="ShowSalesListUI.cpp">
      <Filter>소스 파일</Filter>
    </ClCompile>
    <ClCompile Include="Signup.cpp">
      <Filter>소스 파일</Filter>
    </ClCompile>
    <ClCompile Include="SignupUI.cpp">
      <Filter>소스 파일</Filter>
    </ClCompile>
    <ClCompile Include="ViewPurchaseHistory.cpp">
      <Filter>소스 파일</Filter>
    </ClCompile>
    <ClCompile Include="ViewPurchaseHistoryUI.cpp">
      <Filter>소스 파일</Filter>
    </ClCompile>
    <ClCompile Include="GetSoldOutProduct.cpp">
      <Filter>소스 파일</Filter>
    </ClCompile>
    <ClCompile Include="GetSoldOutProductUI.cpp">
      <Filter>소스 파일</Filter>
    </ClCompile>
  </ItemGroup>
  <ItemGroup>
    <ClInclude Include="AddProduct.h">
      <Filter>헤더 파일</Filter>
    </ClInclude>
    <ClInclude Include="AddProductUI.h">
      <Filter>헤더 파일</Filter>
    </ClInclude>
    <ClInclude Include="Buy.h">
      <Filter>헤더 파일</Filter>
    </ClInclude>
    <ClInclude Include="BuyUI.h">
      <Filter>헤더 파일</Filter>
    </ClInclude>
    <ClInclude Include="Evaluate.h">
      <Filter>헤더 파일</Filter>
    </ClInclude>
    <ClInclude Include="EvaluateUI.h">
      <Filter>헤더 파일</Filter>
    </ClInclude>
    <ClInclude Include="GetSoldOutProductUI.h">
      <Filter>헤더 파일</Filter>
    </ClInclude>
    <ClInclude Include="JoinWithdrawl.h">
      <Filter>헤더 파일</Filter>
    </ClInclude>
    <ClInclude Include="JoinWithdrawlUI.h">
      <Filter>헤더 파일</Filter>
    </ClInclude>
    <ClInclude Include="Login.h">
      <Filter>헤더 파일</Filter>
    </ClInclude>
    <ClInclude Include="LoginUI.h">
      <Filter>헤더 파일</Filter>
    </ClInclude>
    <ClInclude Include="Logout.h">
      <Filter>헤더 파일</Filter>
    </ClInclude>
    <ClInclude Include="LogoutUI.h">
      <Filter>헤더 파일</Filter>
    </ClInclude>
    <ClInclude Include="Member.h">
      <Filter>헤더 파일</Filter>
    </ClInclude>
    <ClInclude Include="MemberStorage.h">
      <Filter>헤더 파일</Filter>
    </ClInclude>
    <ClInclude Include="Product.h">
      <Filter>헤더 파일</Filter>
    </ClInclude>
    <ClInclude Include="ProductList.h">
      <Filter>헤더 파일</Filter>
    </ClInclude>
    <ClInclude Include="ProductManager.h">
      <Filter>헤더 파일</Filter>
    </ClInclude>
    <ClInclude Include="ProductShow.h">
      <Filter>헤더 파일</Filter>
    </ClInclude>
    <ClInclude Include="ProductShowUI.h">
      <Filter>헤더 파일</Filter>
    </ClInclude>
    <ClInclude Include="PurchaseList.h">
      <Filter>헤더 파일</Filter>
    </ClInclude>
    <ClInclude Include="ShowSalesList.h">
      <Filter>헤더 파일</Filter>
    </ClInclude>
    <ClInclude Include="ShowSalesListUI.h">
      <Filter>헤더 파일</Filter>
    </ClInclude>
    <ClInclude Include="Signup.h">
      <Filter>헤더 파일</Filter>
    </ClInclude>
    <ClInclude Include="SignupUI.h">
      <Filter>헤더 파일</Filter>
    </ClInclude>
    <ClInclude Include="ViewPurchaseHistory.h">
      <Filter>헤더 파일</Filter>
    </ClInclude>
    <ClInclude Include="ViewPurchaseHistoryUI.h">
      <Filter>헤더 파일</Filter>
    </ClInclude>
    <ClInclude Include="GetSoldOutProduct.h">
      <Filter>헤더 파일</Filter>
    </ClInclude>
  </ItemGroup>
</Project>